{
  "nodes": {
    "astronvim": {
      "flake": false,
      "locked": {
        "lastModified": 1775146383,
        "narHash": "sha256-zrwpZ6Ow5qL9dml5gJFmLEOlQa02qm/AdFYGlfpw8fY=",
        "owner": "AstroNvim",
        "repo": "template",
        "rev": "49a7161b776f8bc6c23508819ea1ad4e7b359bee",
        "type": "github"
      },
      "original": {
        "owner": "AstroNvim",
        "repo": "template",
        "type": "github"
      }
    },
    "brew-src": {
      "flake": false,
      "locked": {
        "lastModified": 1785146564,
        "narHash": "sha256-Sa7/HrfB04H32OJ7/ofxXjiZEbkWtCNOriONYYTL1OA=",
        "owner": "Homebrew",
        "repo": "brew",
        "rev": "b2cfc03346d482f79886de108fee5dc49a6efc10",
        "type": "github"
      },
      "original": {
        "owner": "Homebrew",
        "ref": "6.0.13",
        "repo": "brew",
        "type": "github"
      }
    },
    "caveman": {
      "flake": false,
      "locked": {
        "lastModified": 1785851092,
        "narHash": "sha256-zYWuv/uPEV5W9AGsmivYuGb4bDAGlVngZ94GbAGcz3M=",
        "owner": "JuliusBrussee",
        "repo": "caveman",
        "rev": "ec83e5bace4c20484d704dea21e12fc4eb94e9aa",
        "type": "github"
      },
      "original": {
        "owner": "JuliusBrussee",
        "repo": "caveman",
        "type": "github"
      }
    },
    "claude-mem": {
      "flake": false,
      "locked": {
        "lastModified": 1786907351,
        "narHash": "sha256-SDbl3PVIgJKW5IGGudJSoy0n5UCudBUE/MAmigoNOYs=",
        "owner": "thedotmack",
        "repo": "claude-mem",
        "rev": "fae697a45d107aae567d605916391ab64d8ecae1",
        "type": "github"
      },
      "original": {
        "owner": "thedotmack",
        "repo": "claude-mem",
        "type": "github"
      }
    },
    "codebase-memory-mcp": {
      "flake": false,
      "locked": {
        "lastModified": 1785984265,
        "narHash": "sha256-AxSZzuKBfD7ZyQSk804kHFQ0lOvRpGnDDAAXyEcssL4=",
        "owner": "DeusData",
        "repo": "codebase-memory-mcp",
        "rev": "0d6f26a1708c1e1f0e6a59867bee4bee3fe076b5",
        "type": "github"
      },
      "original": {
        "owner": "DeusData",
        "repo": "codebase-memory-mcp",
        "type": "github"
      }
    },
    "darwin": {
      "inputs": {
        "nixpkgs": [
          "nixpkgs"
        ]
      },
      "locked": {
        "lastModified": 1783744694,
        "narHash": "sha256-2cp6N3rrwnGYLTx9l6N+NI+kwrCWxvJUbj5WJhvB29A=",
        "owner": "LnL7",
        "repo": "nix-darwin",
        "rev": "c3e90c89649b07d1a96e4b9dd6cd0d6e44b91a74",
        "type": "github"
      },
      "original": {
        "owner": "LnL7",
        "ref": "nix-darwin-26.05",
        "repo": "nix-darwin",
        "type": "github"
      }
    },
    "flake-parts": {
      "inputs": {
        "nixpkgs-lib": "nixpkgs-lib"
      },
      "locked": {
        "lastModified": 1778716662,
        "narHash": "sha256-m1Yf0wZ8j1OHjTc2UwHwyQRSnNeSgLJOd7q5Y45hzi4=",
        "owner": "hercules-ci",
        "repo": "flake-parts",
        "rev": "f7c1a2d347e4c52d5fb8d10cb4d94b5884e546fb",
        "type": "github"
      },
      "original": {
        "owner": "hercules-ci",
        "repo": "flake-parts",
        "type": "github"
      }
    },
    "home-manager": {
      "inputs": {
        "nixpkgs": [
          "nixpkgs"
        ]
      },
      "locked": {
        "lastModified": 1784350909,
        "narHash": "sha256-ZWyzLbS1yKUTeFJLmdVuWNnHttL333/ldJbEE+KzCrM=",
        "owner": "nix-community",
        "repo": "home-manager",
        "rev": "4ce190229c73d44536caa7072f6308fb2d8feeb3",
        "type": "github"
      },
      "original": {
        "owner": "nix-community",
        "ref": "release-26.05",
        "repo": "home-manager",
        "type": "github"
      }
    },
    "nix-homebrew": {
      "inputs": {
        "brew-src": "brew-src"
      },
      "locked": {
        "lastModified": 1785544760,
        "narHash": "sha256-qV6OoNuly4ntqpCg7esIeJjUboxSnQNlLPxz+y5h9/o=",
        "owner": "zhaofengli",
        "repo": "nix-homebrew",
        "rev": "937ce52c7d046310571f3a070713804ead496843",
        "type": "github"
      },
      "original": {
        "owner": "zhaofengli",
        "repo": "nix-homebrew",
        "type": "github"
      }
    },
    "nixpkgs": {
      "locked": {
        "lastModified": 1784517550,
        "narHash": "sha256-uH9LkreZXkpZXD0QOXBkQWnAHhlVuT0wUABFw7AN9BU=",
        "owner": "NixOS",
        "repo": "nixpkgs",
        "rev": "fca2dbd4c00c3063235e56bb91758e24fc67b7b8",
        "type": "github"
      },
      "original": {
        "owner": "NixOS",
        "ref": "nixpkgs-26.05-darwin",
        "repo": "nixpkgs",
        "type": "github"
      }
    },
    "nixpkgs-lib": {
      "locked": {
        "lastModified": 1777168982,
        "narHash": "sha256-GOkGPcboWE9BmGCRMLX3worL4EMnsnG8MyKmXNeYuhQ=",
        "owner": "nix-community",
        "repo": "nixpkgs.lib",
        "rev": "f5901329dade4a6ea039af1433fb087bd9c1fe14",
        "type": "github"
      },
      "original": {
        "owner": "nix-community",
        "repo": "nixpkgs.lib",
        "type": "github"
      }
    },
    "nixpkgs-unstable": {
      "locked": {
        "lastModified": 1784356753,
        "narHash": "sha256-12KrbMiWLcf8m7pCvAtZh1ZrgF85ZXDXvfR/fWTKy84=",
        "owner": "NixOS",
        "repo": "nixpkgs",
        "rev": "61b7c44c4073f0b827768aff0049561b5110ea5a",
        "type": "github"
      },
      "original": {
        "owner": "NixOS",
        "ref": "nixos-unstable",
        "repo": "nixpkgs",
        "type": "github"
      }
    },
    "root": {
      "inputs": {
        "astronvim": "astronvim",
        "caveman": "caveman",
        "claude-mem": "claude-mem",
        "codebase-memory-mcp": "codebase-memory-mcp",
        "darwin": "darwin",
        "flake-parts": "flake-parts",
        "home-manager": "home-manager",
        "nix-homebrew": "nix-homebrew",
        "nixpkgs": "nixpkgs",
        "nixpkgs-unstable": "nixpkgs-unstable",
        "scholarbrain": "scholarbrain",
        "simple-english": "simple-english",
        "wezterm-resurrect": "wezterm-resurrect",
        "wezterm-sessions": "wezterm-sessions",
        "wezterm-smart-workspace-switcher": "wezterm-smart-workspace-switcher",
        "wezterm-tabline": "wezterm-tabline"
      }
    },
    "scholarbrain": {
      "flake": false,
      "locked": {
        "lastModified": 1779893466,
        "narHash": "sha256-hzWWDJ/ey4BbIdLsi+dadLu6nAgMLcFWnK0N/JjHmE0=",
        "owner": "SHzzzAyys",
        "repo": "scholarbrain",
        "rev": "552ba9a531d240b1abecfb4010d4ffef79346f9f",
        "type": "github"
      },
      "original": {
        "owner": "SHzzzAyys",
        "ref": "feat/deepseek-pubmed-arxiv",
        "repo": "scholarbrain",
        "type": "github"
      }
    },
    "simple-english": {
      "flake": false,
      "locked": {
        "lastModified": 1784650100,
        "narHash": "sha256-XnZ4SbhZMFOqtB4LTqOGuALGJUQ4+IcJMcacjjvkdE0=",
        "owner": "AminBlg",
        "repo": "SimpleEnglish",
        "rev": "379728b51981b6d2ee1de0f201164483a9648972",
        "type": "github"
      },
      "original": {
        "owner": "AminBlg",
        "repo": "SimpleEnglish",
        "type": "github"
      }
    },
    "wezterm-resurrect": {
      "flake": false,
      "locked": {
        "lastModified": 1779642337,
        "narHash": "sha256-xjwOSRnwZ69x9NAumc6GovlzJ0iUPI3/t9wXPlD4nEs=",
        "owner": "MLFlexer",
        "repo": "resurrect.wezterm",
        "rev": "65cbbbf6d2c76f3e36af7610a356fc190fcb6147",
        "type": "github"
      },
      "original": {
        "owner": "MLFlexer",
        "repo": "resurrect.wezterm",
        "type": "github"
      }
    },
    "wezterm-sessions": {
      "flake": false,
      "locked": {
        "lastModified": 1774687495,
        "narHash": "sha256-39JG8ljPFu9qSwq6lRYoO7rxpklG8nEsz0GSBvef3qo=",
        "owner": "abidibo",
        "repo": "wezterm-sessions",
        "rev": "3ffa5c9748b7a9c2641c618912af9ce09a16cc64",
        "type": "github"
      },
      "original": {
        "owner": "abidibo",
        "repo": "wezterm-sessions",
        "type": "github"
      }
    },
    "wezterm-smart-workspace-switcher": {
      "flake": false,
      "locked": {
        "lastModified": 1751290036,
        "narHash": "sha256-LekKmTjKLGBBexsdYeRDo2fZVpYNZ5ISyHoz4UNTmsA=",
        "owner": "MLFlexer",
        "repo": "smart_workspace_switcher.wezterm",
        "rev": "40228a08e7bffb93b63b131df7f605278b5d8187",
        "type": "github"
      },
      "original": {
        "owner": "MLFlexer",
        "repo": "smart_workspace_switcher.wezterm",
        "type": "github"
      }
    },
    "wezterm-tabline": {
      "flake": false,
      "locked": {
        "lastModified": 1771026031,
        "narHash": "sha256-G5sFPIJ2SDLKjeiuauJfzu3JgvViwoe9RLhYAScaHbs=",
        "owner": "michaelbrusegard",
        "repo": "tabline.wez",
        "rev": "5e148f08f134e317bbfe75b26f8a23b0102cb621",
        "type": "github"
      },
      "original": {
        "owner": "michaelbrusegard",
        "repo": "tabline.wez",
        "type": "github"
      }
    }
  },
  "root": "root",
  "version": 7
}
